
Microsoft Visual Studio Solution File, Format Version 12.00
# Visual Studio Version 17
VisualStudioVersion = 17.9.34407.89
MinimumVisualStudioVersion = 10.0.40219.1
Project("{888888A0-9F3D-457C-B088-3A5042F75D52}") = "information-retrieval-project", "information-retrieval-project.pyproj", "{FA018B78-19D7-424E-A559-E367DD8B691B}"
EndProject
Global
	GlobalSection(SolutionConfigurationPlatforms) = preSolution
		Debug|Any CPU = Debug|Any CPU
		Release|Any CPU = Release|Any CPU
	EndGlobalSection
	GlobalSection(ProjectConfigurationPlatforms) = postSolution
		{FA018B78-19D7-424E-A559-E367DD8B691B}.Debug|Any CPU.ActiveCfg = Debug|Any CPU
		{FA018B78-19D7-424E-A559-E367DD8B691B}.Release|Any CPU.ActiveCfg = Release|Any CPU
	EndGlobalSection
	GlobalSection(SolutionProperties) = preSolution
		HideSolutionNode = FALSE
	EndGlobalSection
	GlobalSection(ExtensibilityGlobals) = postSolution
		SolutionGuid = {7EE61883-FE7C-4970-B5CB-934C272A7552}
	EndGlobalSection
EndGlobal
